// !$*UTF8*$!
{
	archiveVersion = 1;
	classes = {
	};
	objectVersion = 50;
	objects = {

/* Begin PBXBuildFile section */
		8577B42C2663E41100EB6D06 /* WasedaTime_iosappApp.swift in Sources */ = {isa = PBXBuildFile; fileRef = 8577B42B2663E41100EB6D06 /* WasedaTime_iosappApp.swift */; };
		8577B42E2663E41100EB6D06 /* ContentView.swift in Sources */ = {isa = PBXBuildFile; fileRef = 8577B42D2663E41100EB6D06 /* ContentView.swift */; };
		8577B4302663E41200EB6D06 /* Assets.xcassets in Resources */ = {isa = PBXBuildFile; fileRef = 8577B42F2663E41200EB6D06 /* Assets.xcassets */; };
		8577B4332663E41200EB6D06 /* Preview Assets.xcassets in Resources */ = {isa = PBXBuildFile; fileRef = 8577B4322663E41200EB6D06 /* Preview Assets.xcassets */; };
		8577B43C2663F82000EB6D06 /* OnboardingView.swift in Sources */ = {isa = PBXBuildFile; fileRef = 8577B43B2663F82000EB6D06 /* OnboardingView.swift */; };
		8577B43E2663F85E00EB6D06 /* BackgroundHomeView.swift in Sources */ = {isa = PBXBuildFile; fileRef = 8577B43D2663F85E00EB6D06 /* BackgroundHomeView.swift */; };
		8577B4422663F8D700EB6D06 /* SideMainView.swift in Sources */ = {isa = PBXBuildFile; fileRef = 8577B4412663F8D700EB6D06 /* SideMainView.swift */; };
		8577B4442663F8F800EB6D06 /* SideTabButton.swift in Sources */ = {isa = PBXBuildFile; fileRef = 8577B4432663F8F800EB6D06 /* SideTabButton.swift */; };
		8577B4462663F91800EB6D06 /* SideCustomCorners.swift in Sources */ = {isa = PBXBuildFile; fileRef = 8577B4452663F91800EB6D06 /* SideCustomCorners.swift */; };
		8577B4482663F93100EB6D06 /* SideMenu.swift in Sources */ = {isa = PBXBuildFile; fileRef = 8577B4472663F93100EB6D06 /* SideMenu.swift */; };
		8577B44A2663F94600EB6D06 /* SideHomeTab.swift in Sources */ = {isa = PBXBuildFile; fileRef = 8577B4492663F94600EB6D06 /* SideHomeTab.swift */; };
		8577B44D2663F97E00EB6D06 /* TabBarView.swift in Sources */ = {isa = PBXBuildFile; fileRef = 8577B44C2663F97E00EB6D06 /* TabBarView.swift */; };
		8577B44F2663F99B00EB6D06 /* TabBraViewRouter.swift in Sources */ = {isa = PBXBuildFile; fileRef = 8577B44E2663F99B00EB6D06 /* TabBraViewRouter.swift */; };
		8577B4522663FA0400EB6D06 /* AboutUsContentView.swift in Sources */ = {isa = PBXBuildFile; fileRef = 8577B4512663FA0400EB6D06 /* AboutUsContentView.swift */; };
		8577B4542663FA1C00EB6D06 /* AboutUsHomeView.swift in Sources */ = {isa = PBXBuildFile; fileRef = 8577B4532663FA1C00EB6D06 /* AboutUsHomeView.swift */; };
		8577B4562663FA3900EB6D06 /* AboutCard.swift in Sources */ = {isa = PBXBuildFile; fileRef = 8577B4552663FA3900EB6D06 /* AboutCard.swift */; };
		8577B4582663FABD00EB6D06 /* AboutUsCarouselView.swift in Sources */ = {isa = PBXBuildFile; fileRef = 8577B4572663FABD00EB6D06 /* AboutUsCarouselView.swift */; };
		8577B45A2663FAF000EB6D06 /* AboutUsCardView.swift in Sources */ = {isa = PBXBuildFile; fileRef = 8577B4592663FAF000EB6D06 /* AboutUsCardView.swift */; };
		8577B45C2663FB1100EB6D06 /* AboutUsDetailView.swift in Sources */ = {isa = PBXBuildFile; fileRef = 8577B45B2663FB1100EB6D06 /* AboutUsDetailView.swift */; };
		85D6FC92268C862E002DAF41 /* BusView.swift in Sources */ = {isa = PBXBuildFile; fileRef = 85D6FC91268C862E002DAF41 /* BusView.swift */; };
		85D6FC94268C89D3002DAF41 /* LoginContentView.swift in Sources */ = {isa = PBXBuildFile; fileRef = 85D6FC93268C89D3002DAF41 /* LoginContentView.swift */; };
		85D6FC96268C8A08002DAF41 /* WaveView.swift in Sources */ = {isa = PBXBuildFile; fileRef = 85D6FC95268C8A08002DAF41 /* WaveView.swift */; };
		85D6FC98268C8C17002DAF41 /* LoginView.swift in Sources */ = {isa = PBXBuildFile; fileRef = 85D6FC97268C8C17002DAF41 /* LoginView.swift */; };
		85D6FC9A268C8E13002DAF41 /* TimeTableContentView.swift in Sources */ = {isa = PBXBuildFile; fileRef = 85D6FC99268C8E13002DAF41 /* TimeTableContentView.swift */; };
		85D6FC9C268C8E5D002DAF41 /* PhototTrial.swift in Sources */ = {isa = PBXBuildFile; fileRef = 85D6FC9B268C8E5D002DAF41 /* PhototTrial.swift */; };
		85D6FC9E268C8E85002DAF41 /* SyllabusContentView.swift in Sources */ = {isa = PBXBuildFile; fileRef = 85D6FC9D268C8E85002DAF41 /* SyllabusContentView.swift */; };
/* End PBXBuildFile section */

/* Begin PBXFileReference section */
		8577B4282663E41100EB6D06 /* WasedaTime-iosapp.app */ = {isa = PBXFileReference; explicitFileType = wrapper.application; includeInIndex = 0; path = "WasedaTime-iosapp.app"; sourceTree = BUILT_PRODUCTS_DIR; };
		8577B42B2663E41100EB6D06 /* WasedaTime_iosappApp.swift */ = {isa = PBXFileReference; lastKnownFileType = sourcecode.swift; path = WasedaTime_iosappApp.swift; sourceTree = "<group>"; };
		8577B42D2663E41100EB6D06 /* ContentView.swift */ = {isa = PBXFileReference; lastKnownFileType = sourcecode.swift; path = ContentView.swift; sourceTree = "<group>"; };
		8577B42F2663E41200EB6D06 /* Assets.xcassets */ = {isa = PBXFileReference; lastKnownFileType = folder.assetcatalog; path = Assets.xcassets; sourceTree = "<group>"; };
		8577B4322663E41200EB6D06 /* Preview Assets.xcassets */ = {isa = PBXFileReference; lastKnownFileType = folder.assetcatalog; path = "Preview Assets.xcassets"; sourceTree = "<group>"; };
		8577B4342663E41200EB6D06 /* Info.plist */ = {isa = PBXFileReference; lastKnownFileType = text.plist.xml; path = Info.plist; sourceTree = "<group>"; };
		8577B43B2663F82000EB6D06 /* OnboardingView.swift */ = {isa = PBXFileReference; lastKnownFileType = sourcecode.swift; path = OnboardingView.swift; sourceTree = "<group>"; };
		8577B43D2663F85E00EB6D06 /* BackgroundHomeView.swift */ = {isa = PBXFileReference; lastKnownFileType = sourcecode.swift; path = BackgroundHomeView.swift; sourceTree = "<group>"; };
		8577B4412663F8D700EB6D06 /* SideMainView.swift */ = {isa = PBXFileReference; lastKnownFileType = sourcecode.swift; path = SideMainView.swift; sourceTree = "<group>"; };
		8577B4432663F8F800EB6D06 /* SideTabButton.swift */ = {isa = PBXFileReference; lastKnownFileType = sourcecode.swift; path = SideTabButton.swift; sourceTree = "<group>"; };
		8577B4452663F91800EB6D06 /* SideCustomCorners.swift */ = {isa = PBXFileReference; lastKnownFileType = sourcecode.swift; path = SideCustomCorners.swift; sourceTree = "<group>"; };
		8577B4472663F93100EB6D06 /* SideMenu.swift */ = {isa = PBXFileReference; lastKnownFileType = sourcecode.swift; path = SideMenu.swift; sourceTree = "<group>"; };
		8577B4492663F94600EB6D06 /* SideHomeTab.swift */ = {isa = PBXFileReference; lastKnownFileType = sourcecode.swift; path = SideHomeTab.swift; sourceTree = "<group>"; };
		8577B44C2663F97E00EB6D06 /* TabBarView.swift */ = {isa = PBXFileReference; lastKnownFileType = sourcecode.swift; path = TabBarView.swift; sourceTree = "<group>"; };
		8577B44E2663F99B00EB6D06 /* TabBraViewRouter.swift */ = {isa = PBXFileReference; lastKnownFileType = sourcecode.swift; path = TabBraViewRouter.swift; sourceTree = "<group>"; };
		8577B4512663FA0400EB6D06 /* AboutUsContentView.swift */ = {isa = PBXFileReference; lastKnownFileType = sourcecode.swift; path = AboutUsContentView.swift; sourceTree = "<group>"; };
		8577B4532663FA1C00EB6D06 /* AboutUsHomeView.swift */ = {isa = PBXFileReference; lastKnownFileType = sourcecode.swift; path = AboutUsHomeView.swift; sourceTree = "<group>"; };
		8577B4552663FA3900EB6D06 /* AboutCard.swift */ = {isa = PBXFileReference; lastKnownFileType = sourcecode.swift; path = AboutCard.swift; sourceTree = "<group>"; };
		8577B4572663FABD00EB6D06 /* AboutUsCarouselView.swift */ = {isa = PBXFileReference; lastKnownFileType = sourcecode.swift; path = AboutUsCarouselView.swift; sourceTree = "<group>"; };
		8577B4592663FAF000EB6D06 /* AboutUsCardView.swift */ = {isa = PBXFileReference; lastKnownFileType = sourcecode.swift; path = AboutUsCardView.swift; sourceTree = "<group>"; };
		8577B45B2663FB1100EB6D06 /* AboutUsDetailView.swift */ = {isa = PBXFileReference; lastKnownFileType = sourcecode.swift; path = AboutUsDetailView.swift; sourceTree = "<group>"; };
		85D6FC91268C862E002DAF41 /* BusView.swift */ = {isa = PBXFileReference; lastKnownFileType = sourcecode.swift; path = BusView.swift; sourceTree = "<group>"; };
		85D6FC93268C89D3002DAF41 /* LoginContentView.swift */ = {isa = PBXFileReference; lastKnownFileType = sourcecode.swift; path = LoginContentView.swift; sourceTree = "<group>"; };
		85D6FC95268C8A08002DAF41 /* WaveView.swift */ = {isa = PBXFileReference; lastKnownFileType = sourcecode.swift; path = WaveView.swift; sourceTree = "<group>"; };
		85D6FC97268C8C17002DAF41 /* LoginView.swift */ = {isa = PBXFileReference; lastKnownFileType = sourcecode.swift; path = LoginView.swift; sourceTree = "<group>"; };
		85D6FC99268C8E13002DAF41 /* TimeTableContentView.swift */ = {isa = PBXFileReference; lastKnownFileType = sourcecode.swift; path = TimeTableContentView.swift; sourceTree = "<group>"; };
		85D6FC9B268C8E5D002DAF41 /* PhototTrial.swift */ = {isa = PBXFileReference; lastKnownFileType = sourcecode.swift; path = PhototTrial.swift; sourceTree = "<group>"; };
		85D6FC9D268C8E85002DAF41 /* SyllabusContentView.swift */ = {isa = PBXFileReference; lastKnownFileType = sourcecode.swift; path = SyllabusContentView.swift; sourceTree = "<group>"; };
/* End PBXFileReference section */

/* Begin PBXFrameworksBuildPhase section */
		8577B4252663E41100EB6D06 /* Frameworks */ = {
			isa = PBXFrameworksBuildPhase;
			buildActionMask = 2147483647;
			files = (
			);
			runOnlyForDeploymentPostprocessing = 0;
		};
/* End PBXFrameworksBuildPhase section */

/* Begin PBXGroup section */
		8577B41F2663E41100EB6D06 = {
			isa = PBXGroup;
			children = (
				8577B42A2663E41100EB6D06 /* WasedaTime-iosapp */,
				8577B4292663E41100EB6D06 /* Products */,
			);
			sourceTree = "<group>";
		};
		8577B4292663E41100EB6D06 /* Products */ = {
			isa = PBXGroup;
			children = (
				8577B4282663E41100EB6D06 /* WasedaTime-iosapp.app */,
			);
			name = Products;
			sourceTree = "<group>";
		};
		8577B42A2663E41100EB6D06 /* WasedaTime-iosapp */ = {
			isa = PBXGroup;
			children = (
				85D6FC90268C7EA3002DAF41 /* timetable */,
				85D6FC8F268C7E9C002DAF41 /* syllabus */,
				85D6FC8D268C7E6C002DAF41 /* login */,
				85D6FC8C268C7E5C002DAF41 /* campus */,
				8577B4502663F9F200EB6D06 /* About */,
				8577B43F2663F8A200EB6D06 /* Features */,
				8577B43A2663F7CF00EB6D06 /* Fundation */,
				8577B42B2663E41100EB6D06 /* WasedaTime_iosappApp.swift */,
				8577B42D2663E41100EB6D06 /* ContentView.swift */,
				8577B42F2663E41200EB6D06 /* Assets.xcassets */,
				8577B4342663E41200EB6D06 /* Info.plist */,
				8577B4312663E41200EB6D06 /* Preview Content */,
			);
			path = "WasedaTime-iosapp";
			sourceTree = "<group>";
		};
		8577B4312663E41200EB6D06 /* Preview Content */ = {
			isa = PBXGroup;
			children = (
				8577B4322663E41200EB6D06 /* Preview Assets.xcassets */,
			);
			path = "Preview Content";
			sourceTree = "<group>";
		};
		8577B43A2663F7CF00EB6D06 /* Fundation */ = {
			isa = PBXGroup;
			children = (
				8577B43B2663F82000EB6D06 /* OnboardingView.swift */,
				8577B43D2663F85E00EB6D06 /* BackgroundHomeView.swift */,
			);
			path = Fundation;
			sourceTree = "<group>";
		};
		8577B43F2663F8A200EB6D06 /* Features */ = {
			isa = PBXGroup;
			children = (
				8577B44B2663F96400EB6D06 /* TabBarMenu */,
				8577B4402663F8AC00EB6D06 /* sideBarMenu */,
			);
			path = Features;
			sourceTree = "<group>";
		};
		8577B4402663F8AC00EB6D06 /* sideBarMenu */ = {
			isa = PBXGroup;
			children = (
				8577B4412663F8D700EB6D06 /* SideMainView.swift */,
				8577B4432663F8F800EB6D06 /* SideTabButton.swift */,
				8577B4452663F91800EB6D06 /* SideCustomCorners.swift */,
				8577B4472663F93100EB6D06 /* SideMenu.swift */,
				8577B4492663F94600EB6D06 /* SideHomeTab.swift */,
			);
			path = sideBarMenu;
			sourceTree = "<group>";
		};
		8577B44B2663F96400EB6D06 /* TabBarMenu */ = {
			isa = PBXGroup;
			children = (
				8577B44C2663F97E00EB6D06 /* TabBarView.swift */,
				8577B44E2663F99B00EB6D06 /* TabBraViewRouter.swift */,
			);
			path = TabBarMenu;
			sourceTree = "<group>";
		};
		8577B4502663F9F200EB6D06 /* About */ = {
			isa = PBXGroup;
			children = (
				8577B4512663FA0400EB6D06 /* AboutUsContentView.swift */,
				8577B4532663FA1C00EB6D06 /* AboutUsHomeView.swift */,
				8577B4552663FA3900EB6D06 /* AboutCard.swift */,
				8577B4572663FABD00EB6D06 /* AboutUsCarouselView.swift */,
				8577B4592663FAF000EB6D06 /* AboutUsCardView.swift */,
				8577B45B2663FB1100EB6D06 /* AboutUsDetailView.swift */,
			);
			path = About;
			sourceTree = "<group>";
		};
		85D6FC8C268C7E5C002DAF41 /* campus */ = {
			isa = PBXGroup;
			children = (
				85D6FC91268C862E002DAF41 /* BusView.swift */,
			);
			path = campus;
			sourceTree = "<group>";
		};
		85D6FC8D268C7E6C002DAF41 /* login */ = {
			isa = PBXGroup;
			children = (
				85D6FC93268C89D3002DAF41 /* LoginContentView.swift */,
				85D6FC95268C8A08002DAF41 /* WaveView.swift */,
				85D6FC97268C8C17002DAF41 /* LoginView.swift */,
			);
			path = login;
			sourceTree = "<group>";
		};
		85D6FC8F268C7E9C002DAF41 /* syllabus */ = {
			isa = PBXGroup;
			children = (
				85D6FC9B268C8E5D002DAF41 /* PhototTrial.swift */,
				85D6FC9D268C8E85002DAF41 /* SyllabusContentView.swift */,
			);
			path = syllabus;
			sourceTree = "<group>";
		};
		85D6FC90268C7EA3002DAF41 /* timetable */ = {
			isa = PBXGroup;
			children = (
				85D6FC99268C8E13002DAF41 /* TimeTableContentView.swift */,
			);
			path = timetable;
			sourceTree = "<group>";
		};
/* End PBXGroup section */

/* Begin PBXNativeTarget section */
		8577B4272663E41100EB6D06 /* WasedaTime-iosapp */ = {
			isa = PBXNativeTarget;
			buildConfigurationList = 8577B4372663E41200EB6D06 /* Build configuration list for PBXNativeTarget "WasedaTime-iosapp" */;
			buildPhases = (
				8577B4242663E41100EB6D06 /* Sources */,
				8577B4252663E41100EB6D06 /* Frameworks */,
				8577B4262663E41100EB6D06 /* Resources */,
			);
			buildRules = (
			);
			dependencies = (
			);
			name = "WasedaTime-iosapp";
			productName = "WasedaTime-iosapp";
			productReference = 8577B4282663E41100EB6D06 /* WasedaTime-iosapp.app */;
			productType = "com.apple.product-type.application";
		};
/* End PBXNativeTarget section */

/* Begin PBXProject section */
		8577B4202663E41100EB6D06 /* Project object */ = {
			isa = PBXProject;
			attributes = {
				LastSwiftUpdateCheck = 1250;
				LastUpgradeCheck = 1250;
				TargetAttributes = {
					8577B4272663E41100EB6D06 = {
						CreatedOnToolsVersion = 12.5;
					};
				};
			};
			buildConfigurationList = 8577B4232663E41100EB6D06 /* Build configuration list for PBXProject "WasedaTime-iosapp" */;
			compatibilityVersion = "Xcode 9.3";
			developmentRegion = en;
			hasScannedForEncodings = 0;
			knownRegions = (
				en,
				Base,
			);
			mainGroup = 8577B41F2663E41100EB6D06;
			productRefGroup = 8577B4292663E41100EB6D06 /* Products */;
			projectDirPath = "";
			projectRoot = "";
			targets = (
				8577B4272663E41100EB6D06 /* WasedaTime-iosapp */,
			);
		};
/* End PBXProject section */

/* Begin PBXResourcesBuildPhase section */
		8577B4262663E41100EB6D06 /* Resources */ = {
			isa = PBXResourcesBuildPhase;
			buildActionMask = 2147483647;
			files = (
				8577B4332663E41200EB6D06 /* Preview Assets.xcassets in Resources */,
				8577B4302663E41200EB6D06 /* Assets.xcassets in Resources */,
			);
			runOnlyForDeploymentPostprocessing = 0;
		};
/* End PBXResourcesBuildPhase section */

/* Begin PBXSourcesBuildPhase section */
		8577B4242663E41100EB6D06 /* Sources */ = {
			isa = PBXSourcesBuildPhase;
			buildActionMask = 2147483647;
			files = (
				8577B43C2663F82000EB6D06 /* OnboardingView.swift in Sources */,
				8577B42E2663E41100EB6D06 /* ContentView.swift in Sources */,
				85D6FC9A268C8E13002DAF41 /* TimeTableContentView.swift in Sources */,
				8577B4442663F8F800EB6D06 /* SideTabButton.swift in Sources */,
				8577B4482663F93100EB6D06 /* SideMenu.swift in Sources */,
				8577B44A2663F94600EB6D06 /* SideHomeTab.swift in Sources */,
				8577B44F2663F99B00EB6D06 /* TabBraViewRouter.swift in Sources */,
				8577B45C2663FB1100EB6D06 /* AboutUsDetailView.swift in Sources */,
				8577B4582663FABD00EB6D06 /* AboutUsCarouselView.swift in Sources */,
				85D6FC94268C89D3002DAF41 /* LoginContentView.swift in Sources */,
				8577B4462663F91800EB6D06 /* SideCustomCorners.swift in Sources */,
				8577B45A2663FAF000EB6D06 /* AboutUsCardView.swift in Sources */,
				85D6FC96268C8A08002DAF41 /* WaveView.swift in Sources */,
				85D6FC9C268C8E5D002DAF41 /* PhototTrial.swift in Sources */,
				8577B4562663FA3900EB6D06 /* AboutCard.swift in Sources */,
				8577B42C2663E41100EB6D06 /* WasedaTime_iosappApp.swift in Sources */,
				8577B4522663FA0400EB6D06 /* AboutUsContentView.swift in Sources */,
				85D6FC9E268C8E85002DAF41 /* SyllabusContentView.swift in Sources */,
				85D6FC98268C8C17002DAF41 /* LoginView.swift in Sources */,
				8577B4422663F8D700EB6D06 /* SideMainView.swift in Sources */,
				8577B4542663FA1C00EB6D06 /* AboutUsHomeView.swift in Sources */,
				85D6FC92268C862E002DAF41 /* BusView.swift in Sources */,
				8577B44D2663F97E00EB6D06 /* TabBarView.swift in Sources */,
				8577B43E2663F85E00EB6D06 /* BackgroundHomeView.swift in Sources */,
			);
			runOnlyForDeploymentPostprocessing = 0;
		};
/* End PBXSourcesBuildPhase section */

/* Begin XCBuildConfiguration section */
		8577B4352663E41200EB6D06 /* Debug */ = {
			isa = XCBuildConfiguration;
			buildSettings = {
				ALWAYS_SEARCH_USER_PATHS = NO;
				CLANG_ANALYZER_NONNULL = YES;
				CLANG_ANALYZER_NUMBER_OBJECT_CONVERSION = YES_AGGRESSIVE;
				CLANG_CXX_LANGUAGE_STANDARD = "gnu++14";
				CLANG_CXX_LIBRARY = "libc++";
				CLANG_ENABLE_MODULES = YES;
				CLANG_ENABLE_OBJC_ARC = YES;
				CLANG_ENABLE_OBJC_WEAK = YES;
				CLANG_WARN_BLOCK_CAPTURE_AUTORELEASING = YES;
				CLANG_WARN_BOOL_CONVERSION = YES;
				CLANG_WARN_COMMA = YES;
				CLANG_WARN_CONSTANT_CONVERSION = YES;
				CLANG_WARN_DEPRECATED_OBJC_IMPLEMENTATIONS = YES;
				CLANG_WARN_DIRECT_OBJC_ISA_USAGE = YES_ERROR;
				CLANG_WARN_DOCUMENTATION_COMMENTS = YES;
				CLANG_WARN_EMPTY_BODY = YES;
				CLANG_WARN_ENUM_CONVERSION = YES;
				CLANG_WARN_INFINITE_RECURSION = YES;
				CLANG_WARN_INT_CONVERSION = YES;
				CLANG_WARN_NON_LITERAL_NULL_CONVERSION = YES;
				CLANG_WARN_OBJC_IMPLICIT_RETAIN_SELF = YES;
				CLANG_WARN_OBJC_LITERAL_CONVERSION = YES;
				CLANG_WARN_OBJC_ROOT_CLASS = YES_ERROR;
				CLANG_WARN_QUOTED_INCLUDE_IN_FRAMEWORK_HEADER = YES;
				CLANG_WARN_RANGE_LOOP_ANALYSIS = YES;
				CLANG_WARN_STRICT_PROTOTYPES = YES;
				CLANG_WARN_SUSPICIOUS_MOVE = YES;
				CLANG_WARN_UNGUARDED_AVAILABILITY = YES_AGGRESSIVE;
				CLANG_WARN_UNREACHABLE_CODE = YES;
				CLANG_WARN__DUPLICATE_METHOD_MATCH = YES;
				COPY_PHASE_STRIP = NO;
				DEBUG_INFORMATION_FORMAT = dwarf;
				ENABLE_STRICT_OBJC_MSGSEND = YES;
				ENABLE_TESTABILITY = YES;
				GCC_C_LANGUAGE_STANDARD = gnu11;
				GCC_DYNAMIC_NO_PIC = NO;
				GCC_NO_COMMON_BLOCKS = YES;
				GCC_OPTIMIZATION_LEVEL = 0;
				GCC_PREPROCESSOR_DEFINITIONS = (
					"DEBUG=1",
					"$(inherited)",
				);
				GCC_WARN_64_TO_32_BIT_CONVERSION = YES;
				GCC_WARN_ABOUT_RETURN_TYPE = YES_ERROR;
				GCC_WARN_UNDECLARED_SELECTOR = YES;
				GCC_WARN_UNINITIALIZED_AUTOS = YES_AGGRESSIVE;
				GCC_WARN_UNUSED_FUNCTION = YES;
				GCC_WARN_UNUSED_VARIABLE = YES;
				IPHONEOS_DEPLOYMENT_TARGET = 14.5;
				MTL_ENABLE_DEBUG_INFO = INCLUDE_SOURCE;
				MTL_FAST_MATH = YES;
				ONLY_ACTIVE_ARCH = YES;
				SDKROOT = iphoneos;
				SWIFT_ACTIVE_COMPILATION_CONDITIONS = DEBUG;
				SWIFT_OPTIMIZATION_LEVEL = "-Onone";
			};
			name = Debug;
		};
		8577B4362663E41200EB6D06 /* Release */ = {
			isa = XCBuildConfiguration;
			buildSettings = {
				ALWAYS_SEARCH_USER_PATHS = NO;
				CLANG_ANALYZER_NONNULL = YES;
				CLANG_ANALYZER_NUMBER_OBJECT_CONVERSION = YES_AGGRESSIVE;
				CLANG_CXX_LANGUAGE_STANDARD = "gnu++14";
				CLANG_CXX_LIBRARY = "libc++";
				CLANG_ENABLE_MODULES = YES;
				CLANG_ENABLE_OBJC_ARC = YES;
				CLANG_ENABLE_OBJC_WEAK = YES;
				CLANG_WARN_BLOCK_CAPTURE_AUTORELEASING = YES;
				CLANG_WARN_BOOL_CONVERSION = YES;
				CLANG_WARN_COMMA = YES;
				CLANG_WARN_CONSTANT_CONVERSION = YES;
				CLANG_WARN_DEPRECATED_OBJC_IMPLEMENTATIONS = YES;
				CLANG_WARN_DIRECT_OBJC_ISA_USAGE = YES_ERROR;
				CLANG_WARN_DOCUMENTATION_COMMENTS = YES;
				CLANG_WARN_EMPTY_BODY = YES;
				CLANG_WARN_ENUM_CONVERSION = YES;
				CLANG_WARN_INFINITE_RECURSION = YES;
				CLANG_WARN_INT_CONVERSION = YES;
				CLANG_WARN_NON_LITERAL_NULL_CONVERSION = YES;
				CLANG_WARN_OBJC_IMPLICIT_RETAIN_SELF = YES;
				CLANG_WARN_OBJC_LITERAL_CONVERSION = YES;
				CLANG_WARN_OBJC_ROOT_CLASS = YES_ERROR;
				CLANG_WARN_QUOTED_INCLUDE_IN_FRAMEWORK_HEADER = YES;
				CLANG_WARN_RANGE_LOOP_ANALYSIS = YES;
				CLANG_WARN_STRICT_PROTOTYPES = YES;
				CLANG_WARN_SUSPICIOUS_MOVE = YES;
				CLANG_WARN_UNGUARDED_AVAILABILITY = YES_AGGRESSIVE;
				CLANG_WARN_UNREACHABLE_CODE = YES;
				CLANG_WARN__DUPLICATE_METHOD_MATCH = YES;
				COPY_PHASE_STRIP = NO;
				DEBUG_INFORMATION_FORMAT = "dwarf-with-dsym";
				ENABLE_NS_ASSERTIONS = NO;
				ENABLE_STRICT_OBJC_MSGSEND = YES;
				GCC_C_LANGUAGE_STANDARD = gnu11;
				GCC_NO_COMMON_BLOCKS = YES;
				GCC_WARN_64_TO_32_BIT_CONVERSION = YES;
				GCC_WARN_ABOUT_RETURN_TYPE = YES_ERROR;
				GCC_WARN_UNDECLARED_SELECTOR = YES;
				GCC_WARN_UNINITIALIZED_AUTOS = YES_AGGRESSIVE;
				GCC_WARN_UNUSED_FUNCTION = YES;
				GCC_WARN_UNUSED_VARIABLE = YES;
				IPHONEOS_DEPLOYMENT_TARGET = 14.5;
				MTL_ENABLE_DEBUG_INFO = NO;
				MTL_FAST_MATH = YES;
				SDKROOT = iphoneos;
				SWIFT_COMPILATION_MODE = wholemodule;
				SWIFT_OPTIMIZATION_LEVEL = "-O";
				VALIDATE_PRODUCT = YES;
			};
			name = Release;
		};
		8577B4382663E41200EB6D06 /* Debug */ = {
			isa = XCBuildConfiguration;
			buildSettings = {
				ASSETCATALOG_COMPILER_APPICON_NAME = AppIcon;
				ASSETCATALOG_COMPILER_GLOBAL_ACCENT_COLOR_NAME = AccentColor;
				CODE_SIGN_STYLE = Automatic;
				DEVELOPMENT_ASSET_PATHS = "\"WasedaTime-iosapp/Preview Content\"";
				DEVELOPMENT_TEAM = 27RHDZU6ZC;
				ENABLE_PREVIEWS = YES;
				INFOPLIST_FILE = "WasedaTime-iosapp/Info.plist";
				IPHONEOS_DEPLOYMENT_TARGET = 14.0;
				LD_RUNPATH_SEARCH_PATHS = (
					"$(inherited)",
					"@executable_path/Frameworks",
				);
				PRODUCT_BUNDLE_IDENTIFIER = "gujiaxian1997.WasedaTime-iosapp";
				PRODUCT_NAME = "$(TARGET_NAME)";
				SWIFT_VERSION = 5.0;
				TARGETED_DEVICE_FAMILY = "1,2";
			};
			name = Debug;
		};
		8577B4392663E41200EB6D06 /* Release */ = {
			isa = XCBuildConfiguration;
			buildSettings = {
				ASSETCATALOG_COMPILER_APPICON_NAME = AppIcon;
				ASSETCATALOG_COMPILER_GLOBAL_ACCENT_COLOR_NAME = AccentColor;
				CODE_SIGN_STYLE = Automatic;
				DEVELOPMENT_ASSET_PATHS = "\"WasedaTime-iosapp/Preview Content\"";
				DEVELOPMENT_TEAM = 27RHDZU6ZC;
				ENABLE_PREVIEWS = YES;
				INFOPLIST_FILE = "WasedaTime-iosapp/Info.plist";
				IPHONEOS_DEPLOYMENT_TARGET = 14.0;
				LD_RUNPATH_SEARCH_PATHS = (
					"$(inherited)",
					"@executable_path/Frameworks",
				);
				PRODUCT_BUNDLE_IDENTIFIER = "gujiaxian1997.WasedaTime-iosapp";
				PRODUCT_NAME = "$(TARGET_NAME)";
				SWIFT_VERSION = 5.0;
				TARGETED_DEVICE_FAMILY = "1,2";
			};
			name = Release;
		};
/* End XCBuildConfiguration section */

/* Begin XCConfigurationList section */
		8577B4232663E41100EB6D06 /* Build configuration list for PBXProject "WasedaTime-iosapp" */ = {
			isa = XCConfigurationList;
			buildConfigurations = (
				8577B4352663E41200EB6D06 /* Debug */,
				8577B4362663E41200EB6D06 /* Release */,
			);
			defaultConfigurationIsVisible = 0;
			defaultConfigurationName = Release;
		};
		8577B4372663E41200EB6D06 /* Build configuration list for PBXNativeTarget "WasedaTime-iosapp" */ = {
			isa = XCConfigurationList;
			buildConfigurations = (
				8577B4382663E41200EB6D06 /* Debug */,
				8577B4392663E41200EB6D06 /* Release */,
			);
			defaultConfigurationIsVisible = 0;
			defaultConfigurationName = Release;
		};
/* End XCConfigurationList section */
	};
	rootObject = 8577B4202663E41100EB6D06 /* Project object */;
}
